
Microsoft Visual Studio Solution File, Format Version 12.00
# Visual Studio Version 17
VisualStudioVersion = 17.5.33516.290
MinimumVisualStudioVersion = 10.0.40219.1
Project("{9A19103F-16F7-4668-BE54-9A1E7A4F7556}") = "01.Messaging", "01.Messaging\01.Messaging.csproj", "{E0D507C7-91D1-4E11-BF4A-803564D866C6}"
EndProject
Project("{9A19103F-16F7-4668-BE54-9A1E7A4F7556}") = "02.CarRace", "02.CarRace\02.CarRace.csproj", "{414AB089-FC78-4CB3-A181-A2D0F7FCC6F9}"
EndProject
Project("{9A19103F-16F7-4668-BE54-9A1E7A4F7556}") = "03.TakeSkipRope", "03.TakeSkipRope\03.TakeSkipRope.csproj", "{E4D2CBE4-BD93-4508-8B40-C00C3CFEB1FF}"
EndProject
Project("{9A19103F-16F7-4668-BE54-9A1E7A4F7556}") = "04.MixedUpLists", "04.MixedUpLists\04.MixedUpLists.csproj", "{8E46F3A6-27D1-45B7-B42F-4CC443D4DA2B}"
EndProject
Project("{FAE04EC0-301F-11D3-BF4B-00C04F79EFBC}") = "05. DrumSet", "05. DrumSet\05. DrumSet.csproj", "{55A95774-8C2A-4080-8AD2-BB1941C2F5D5}"
EndProject
Global
	GlobalSection(SolutionConfigurationPlatforms) = preSolution
		Debug|Any CPU = Debug|Any CPU
		Release|Any CPU = Release|Any CPU
	EndGlobalSection
	GlobalSection(ProjectConfigurationPlatforms) = postSolution
		{E0D507C7-91D1-4E11-BF4A-803564D866C6}.Debug|Any CPU.ActiveCfg = Debug|Any CPU
		{E0D507C7-91D1-4E11-BF4A-803564D866C6}.Debug|Any CPU.Build.0 = Debug|Any CPU
		{E0D507C7-91D1-4E11-BF4A-803564D866C6}.Release|Any CPU.ActiveCfg = Release|Any CPU
		{E0D507C7-91D1-4E11-BF4A-803564D866C6}.Release|Any CPU.Build.0 = Release|Any CPU
		{414AB089-FC78-4CB3-A181-A2D0F7FCC6F9}.Debug|Any CPU.ActiveCfg = Debug|Any CPU
		{414AB089-FC78-4CB3-A181-A2D0F7FCC6F9}.Debug|Any CPU.Build.0 = Debug|Any CPU
		{414AB089-FC78-4CB3-A181-A2D0F7FCC6F9}.Release|Any CPU.ActiveCfg = Release|Any CPU
		{414AB089-FC78-4CB3-A181-A2D0F7FCC6F9}.Release|Any CPU.Build.0 = Release|Any CPU
		{E4D2CBE4-BD93-4508-8B40-C00C3CFEB1FF}.Debug|Any CPU.ActiveCfg = Debug|Any CPU
		{E4D2CBE4-BD93-4508-8B40-C00C3CFEB1FF}.Debug|Any CPU.Build.0 = Debug|Any CPU
		{E4D2CBE4-BD93-4508-8B40-C00C3CFEB1FF}.Release|Any CPU.ActiveCfg = Release|Any CPU
		{E4D2CBE4-BD93-4508-8B40-C00C3CFEB1FF}.Release|Any CPU.Build.0 = Release|Any CPU
		{8E46F3A6-27D1-45B7-B42F-4CC443D4DA2B}.Debug|Any CPU.ActiveCfg = Debug|Any CPU
		{8E46F3A6-27D1-45B7-B42F-4CC443D4DA2B}.Debug|Any CPU.Build.0 = Debug|Any CPU
		{8E46F3A6-27D1-45B7-B42F-4CC443D4DA2B}.Release|Any CPU.ActiveCfg = Release|Any CPU
		{8E46F3A6-27D1-45B7-B42F-4CC443D4DA2B}.Release|Any CPU.Build.0 = Release|Any CPU
		{55A95774-8C2A-4080-8AD2-BB1941C2F5D5}.Debug|Any CPU.ActiveCfg = Debug|Any CPU
		{55A95774-8C2A-4080-8AD2-BB1941C2F5D5}.Debug|Any CPU.Build.0 = Debug|Any CPU
		{55A95774-8C2A-4080-8AD2-BB1941C2F5D5}.Release|Any CPU.ActiveCfg = Release|Any CPU
		{55A95774-8C2A-4080-8AD2-BB1941C2F5D5}.Release|Any CPU.Build.0 = Release|Any CPU
	EndGlobalSection
	GlobalSection(SolutionProperties) = preSolution
		HideSolutionNode = FALSE
	EndGlobalSection
	GlobalSection(ExtensibilityGlobals) = postSolution
		SolutionGuid = {9B911236-520E-4F3C-AD4F-1255A62518F4}
	EndGlobalSection
EndGlobal
