
Microsoft Visual Studio Solution File, Format Version 12.00
# Visual Studio Version 17
VisualStudioVersion = 17.6.33801.468
MinimumVisualStudioVersion = 10.0.40219.1
Project("{FAE04EC0-301F-11D3-BF4B-00C04F79EFBC}") = "01.WorldTour", "01.WorldTour\01.WorldTour.csproj", "{8272F322-7182-45B1-8AFC-8CA46F5FEF79}"
EndProject
Global
	GlobalSection(SolutionConfigurationPlatforms) = preSolution
		Debug|Any CPU = Debug|Any CPU
		Release|Any CPU = Release|Any CPU
	EndGlobalSection
	GlobalSection(ProjectConfigurationPlatforms) = postSolution
		{8272F322-7182-45B1-8AFC-8CA46F5FEF79}.Debug|Any CPU.ActiveCfg = Debug|Any CPU
		{8272F322-7182-45B1-8AFC-8CA46F5FEF79}.Debug|Any CPU.Build.0 = Debug|Any CPU
		{8272F322-7182-45B1-8AFC-8CA46F5FEF79}.Release|Any CPU.ActiveCfg = Release|Any CPU
		{8272F322-7182-45B1-8AFC-8CA46F5FEF79}.Release|Any CPU.Build.0 = Release|Any CPU
	EndGlobalSection
	GlobalSection(SolutionProperties) = preSolution
		HideSolutionNode = FALSE
	EndGlobalSection
	GlobalSection(ExtensibilityGlobals) = postSolution
		SolutionGuid = {9772BD14-FBAB-49B8-8700-1625874351CA}
	EndGlobalSection
EndGlobal
