
Microsoft Visual Studio Solution File, Format Version 12.00
# Visual Studio Version 17
VisualStudioVersion = 17.5.33516.290
MinimumVisualStudioVersion = 10.0.40219.1
Project("{9A19103F-16F7-4668-BE54-9A1E7A4F7556}") = "01.ValidUsernames", "01.ValidUsernames\01.ValidUsernames.csproj", "{98B103F4-7845-4735-98C9-F5FE7B3CE5E8}"
EndProject
Project("{9A19103F-16F7-4668-BE54-9A1E7A4F7556}") = "02.CharacterMultiplier", "02.CharacterMultiplier\02.CharacterMultiplier.csproj", "{8C096294-D3AF-4BCD-8274-D41D4C4F852A}"
EndProject
Project("{9A19103F-16F7-4668-BE54-9A1E7A4F7556}") = "03.ExtractFile", "03.ExtractFile\03.ExtractFile.csproj", "{6E219C25-B6F2-4DD8-A88E-384BD0BB0CAB}"
EndProject
Project("{9A19103F-16F7-4668-BE54-9A1E7A4F7556}") = "04.CaesarCipher", "04.CaesarCipher\04.CaesarCipher.csproj", "{29E72F5B-74CF-4667-B636-D798873D857E}"
EndProject
Project("{9A19103F-16F7-4668-BE54-9A1E7A4F7556}") = "06.ReplaceRepeatingChars", "06.ReplaceRepeatingChars\06.ReplaceRepeatingChars.csproj", "{F110AD07-347C-411C-A337-7CE6CD0032B0}"
EndProject
Project("{9A19103F-16F7-4668-BE54-9A1E7A4F7556}") = "07.StringExplosion", "07.StringExplosion\07.StringExplosion.csproj", "{32526C33-EAAA-410C-A155-4CCE43D30018}"
EndProject
Project("{9A19103F-16F7-4668-BE54-9A1E7A4F7556}") = "05.MultiplyBigNumber", "05.MultiplyBigNumber\05.MultiplyBigNumber.csproj", "{B326EACF-EA15-4818-8391-379E10A58764}"
EndProject
Project("{FAE04EC0-301F-11D3-BF4B-00C04F79EFBC}") = "08.LettersChangeNumbers", "08.LettersChangeNumbers\08.LettersChangeNumbers.csproj", "{AC0C9A7E-FB01-4AC1-9299-1209E55EB00D}"
EndProject
Global
	GlobalSection(SolutionConfigurationPlatforms) = preSolution
		Debug|Any CPU = Debug|Any CPU
		Release|Any CPU = Release|Any CPU
	EndGlobalSection
	GlobalSection(ProjectConfigurationPlatforms) = postSolution
		{98B103F4-7845-4735-98C9-F5FE7B3CE5E8}.Debug|Any CPU.ActiveCfg = Debug|Any CPU
		{98B103F4-7845-4735-98C9-F5FE7B3CE5E8}.Debug|Any CPU.Build.0 = Debug|Any CPU
		{98B103F4-7845-4735-98C9-F5FE7B3CE5E8}.Release|Any CPU.ActiveCfg = Release|Any CPU
		{98B103F4-7845-4735-98C9-F5FE7B3CE5E8}.Release|Any CPU.Build.0 = Release|Any CPU
		{8C096294-D3AF-4BCD-8274-D41D4C4F852A}.Debug|Any CPU.ActiveCfg = Debug|Any CPU
		{8C096294-D3AF-4BCD-8274-D41D4C4F852A}.Debug|Any CPU.Build.0 = Debug|Any CPU
		{8C096294-D3AF-4BCD-8274-D41D4C4F852A}.Release|Any CPU.ActiveCfg = Release|Any CPU
		{8C096294-D3AF-4BCD-8274-D41D4C4F852A}.Release|Any CPU.Build.0 = Release|Any CPU
		{6E219C25-B6F2-4DD8-A88E-384BD0BB0CAB}.Debug|Any CPU.ActiveCfg = Debug|Any CPU
		{6E219C25-B6F2-4DD8-A88E-384BD0BB0CAB}.Debug|Any CPU.Build.0 = Debug|Any CPU
		{6E219C25-B6F2-4DD8-A88E-384BD0BB0CAB}.Release|Any CPU.ActiveCfg = Release|Any CPU
		{6E219C25-B6F2-4DD8-A88E-384BD0BB0CAB}.Release|Any CPU.Build.0 = Release|Any CPU
		{29E72F5B-74CF-4667-B636-D798873D857E}.Debug|Any CPU.ActiveCfg = Debug|Any CPU
		{29E72F5B-74CF-4667-B636-D798873D857E}.Debug|Any CPU.Build.0 = Debug|Any CPU
		{29E72F5B-74CF-4667-B636-D798873D857E}.Release|Any CPU.ActiveCfg = Release|Any CPU
		{29E72F5B-74CF-4667-B636-D798873D857E}.Release|Any CPU.Build.0 = Release|Any CPU
		{F110AD07-347C-411C-A337-7CE6CD0032B0}.Debug|Any CPU.ActiveCfg = Debug|Any CPU
		{F110AD07-347C-411C-A337-7CE6CD0032B0}.Debug|Any CPU.Build.0 = Debug|Any CPU
		{F110AD07-347C-411C-A337-7CE6CD0032B0}.Release|Any CPU.ActiveCfg = Release|Any CPU
		{F110AD07-347C-411C-A337-7CE6CD0032B0}.Release|Any CPU.Build.0 = Release|Any CPU
		{32526C33-EAAA-410C-A155-4CCE43D30018}.Debug|Any CPU.ActiveCfg = Debug|Any CPU
		{32526C33-EAAA-410C-A155-4CCE43D30018}.Debug|Any CPU.Build.0 = Debug|Any CPU
		{32526C33-EAAA-410C-A155-4CCE43D30018}.Release|Any CPU.ActiveCfg = Release|Any CPU
		{32526C33-EAAA-410C-A155-4CCE43D30018}.Release|Any CPU.Build.0 = Release|Any CPU
		{B326EACF-EA15-4818-8391-379E10A58764}.Debug|Any CPU.ActiveCfg = Debug|Any CPU
		{B326EACF-EA15-4818-8391-379E10A58764}.Debug|Any CPU.Build.0 = Debug|Any CPU
		{B326EACF-EA15-4818-8391-379E10A58764}.Release|Any CPU.ActiveCfg = Release|Any CPU
		{B326EACF-EA15-4818-8391-379E10A58764}.Release|Any CPU.Build.0 = Release|Any CPU
		{AC0C9A7E-FB01-4AC1-9299-1209E55EB00D}.Debug|Any CPU.ActiveCfg = Debug|Any CPU
		{AC0C9A7E-FB01-4AC1-9299-1209E55EB00D}.Debug|Any CPU.Build.0 = Debug|Any CPU
		{AC0C9A7E-FB01-4AC1-9299-1209E55EB00D}.Release|Any CPU.ActiveCfg = Release|Any CPU
		{AC0C9A7E-FB01-4AC1-9299-1209E55EB00D}.Release|Any CPU.Build.0 = Release|Any CPU
	EndGlobalSection
	GlobalSection(SolutionProperties) = preSolution
		HideSolutionNode = FALSE
	EndGlobalSection
	GlobalSection(ExtensibilityGlobals) = postSolution
		SolutionGuid = {046779BD-02DA-4EF8-B98B-B7181EC19602}
	EndGlobalSection
EndGlobal
