
Microsoft Visual Studio Solution File, Format Version 12.00
# Visual Studio Version 17
VisualStudioVersion = 17.5.33516.290
MinimumVisualStudioVersion = 10.0.40219.1
Project("{FAE04EC0-301F-11D3-BF4B-00C04F79EFBC}") = "01.BlackFlag", "01.BlackFlag\01.BlackFlag.csproj", "{01498299-9D37-4268-8FA6-EDA4EE338B8C}"
EndProject
Project("{FAE04EC0-301F-11D3-BF4B-00C04F79EFBC}") = "02.TreasureHunt", "02.TreasureHunt\02.TreasureHunt.csproj", "{CFA53EBD-4DE2-4E96-ADEC-FE8FB8B47AFC}"
EndProject
Project("{FAE04EC0-301F-11D3-BF4B-00C04F79EFBC}") = "03.ManOWar", "03.ManOWar\03.ManOWar.csproj", "{4C7D9FF5-F6CB-4BC3-9457-085E0F617142}"
EndProject
Global
	GlobalSection(SolutionConfigurationPlatforms) = preSolution
		Debug|Any CPU = Debug|Any CPU
		Release|Any CPU = Release|Any CPU
	EndGlobalSection
	GlobalSection(ProjectConfigurationPlatforms) = postSolution
		{01498299-9D37-4268-8FA6-EDA4EE338B8C}.Debug|Any CPU.ActiveCfg = Debug|Any CPU
		{01498299-9D37-4268-8FA6-EDA4EE338B8C}.Debug|Any CPU.Build.0 = Debug|Any CPU
		{01498299-9D37-4268-8FA6-EDA4EE338B8C}.Release|Any CPU.ActiveCfg = Release|Any CPU
		{01498299-9D37-4268-8FA6-EDA4EE338B8C}.Release|Any CPU.Build.0 = Release|Any CPU
		{CFA53EBD-4DE2-4E96-ADEC-FE8FB8B47AFC}.Debug|Any CPU.ActiveCfg = Debug|Any CPU
		{CFA53EBD-4DE2-4E96-ADEC-FE8FB8B47AFC}.Debug|Any CPU.Build.0 = Debug|Any CPU
		{CFA53EBD-4DE2-4E96-ADEC-FE8FB8B47AFC}.Release|Any CPU.ActiveCfg = Release|Any CPU
		{CFA53EBD-4DE2-4E96-ADEC-FE8FB8B47AFC}.Release|Any CPU.Build.0 = Release|Any CPU
		{4C7D9FF5-F6CB-4BC3-9457-085E0F617142}.Debug|Any CPU.ActiveCfg = Debug|Any CPU
		{4C7D9FF5-F6CB-4BC3-9457-085E0F617142}.Debug|Any CPU.Build.0 = Debug|Any CPU
		{4C7D9FF5-F6CB-4BC3-9457-085E0F617142}.Release|Any CPU.ActiveCfg = Release|Any CPU
		{4C7D9FF5-F6CB-4BC3-9457-085E0F617142}.Release|Any CPU.Build.0 = Release|Any CPU
	EndGlobalSection
	GlobalSection(SolutionProperties) = preSolution
		HideSolutionNode = FALSE
	EndGlobalSection
	GlobalSection(ExtensibilityGlobals) = postSolution
		SolutionGuid = {786EBC84-E040-41EA-8BAB-DEE8D10B66C8}
	EndGlobalSection
EndGlobal
