
Microsoft Visual Studio Solution File, Format Version 12.00
# Visual Studio Version 17
VisualStudioVersion = 17.5.33516.290
MinimumVisualStudioVersion = 10.0.40219.1
Project("{9A19103F-16F7-4668-BE54-9A1E7A4F7556}") = "01.BonusScoringSystem", "01.BonusScoringSystem\01.BonusScoringSystem.csproj", "{571EFC82-BD17-4472-A548-BF8491D61F60}"
EndProject
Project("{FAE04EC0-301F-11D3-BF4B-00C04F79EFBC}") = "02.MuOnline", "02.MuOnline\02.MuOnline.csproj", "{001CC874-1E9A-4054-815F-E423817BD33A}"
EndProject
Project("{FAE04EC0-301F-11D3-BF4B-00C04F79EFBC}") = "03.Inventory", "03.Inventory\03.Inventory.csproj", "{1868F296-B5DB-4AFD-A4E8-445C491EC9B6}"
EndProject
Global
	GlobalSection(SolutionConfigurationPlatforms) = preSolution
		Debug|Any CPU = Debug|Any CPU
		Release|Any CPU = Release|Any CPU
	EndGlobalSection
	GlobalSection(ProjectConfigurationPlatforms) = postSolution
		{571EFC82-BD17-4472-A548-BF8491D61F60}.Debug|Any CPU.ActiveCfg = Debug|Any CPU
		{571EFC82-BD17-4472-A548-BF8491D61F60}.Debug|Any CPU.Build.0 = Debug|Any CPU
		{571EFC82-BD17-4472-A548-BF8491D61F60}.Release|Any CPU.ActiveCfg = Release|Any CPU
		{571EFC82-BD17-4472-A548-BF8491D61F60}.Release|Any CPU.Build.0 = Release|Any CPU
		{001CC874-1E9A-4054-815F-E423817BD33A}.Debug|Any CPU.ActiveCfg = Debug|Any CPU
		{001CC874-1E9A-4054-815F-E423817BD33A}.Debug|Any CPU.Build.0 = Debug|Any CPU
		{001CC874-1E9A-4054-815F-E423817BD33A}.Release|Any CPU.ActiveCfg = Release|Any CPU
		{001CC874-1E9A-4054-815F-E423817BD33A}.Release|Any CPU.Build.0 = Release|Any CPU
		{1868F296-B5DB-4AFD-A4E8-445C491EC9B6}.Debug|Any CPU.ActiveCfg = Debug|Any CPU
		{1868F296-B5DB-4AFD-A4E8-445C491EC9B6}.Debug|Any CPU.Build.0 = Debug|Any CPU
		{1868F296-B5DB-4AFD-A4E8-445C491EC9B6}.Release|Any CPU.ActiveCfg = Release|Any CPU
		{1868F296-B5DB-4AFD-A4E8-445C491EC9B6}.Release|Any CPU.Build.0 = Release|Any CPU
	EndGlobalSection
	GlobalSection(SolutionProperties) = preSolution
		HideSolutionNode = FALSE
	EndGlobalSection
	GlobalSection(ExtensibilityGlobals) = postSolution
		SolutionGuid = {29153A8A-5238-4848-93B9-B51801D4F868}
	EndGlobalSection
EndGlobal
