
Microsoft Visual Studio Solution File, Format Version 12.00
# Visual Studio Version 17
VisualStudioVersion = 17.5.33516.290
MinimumVisualStudioVersion = 10.0.40219.1
Project("{FAE04EC0-301F-11D3-BF4B-00C04F79EFBC}") = "01.StudentInformation", "01.StudentInformation\01.StudentInformation.csproj", "{005EC2AB-5ADD-4B38-9C06-0EBF2B7C160E}"
EndProject
Global
	GlobalSection(SolutionConfigurationPlatforms) = preSolution
		Debug|Any CPU = Debug|Any CPU
		Release|Any CPU = Release|Any CPU
	EndGlobalSection
	GlobalSection(ProjectConfigurationPlatforms) = postSolution
		{02C6F4C8-8057-440B-A4CD-EEC0869BAC66}.Debug|Any CPU.ActiveCfg = Debug|Any CPU
		{02C6F4C8-8057-440B-A4CD-EEC0869BAC66}.Debug|Any CPU.Build.0 = Debug|Any CPU
		{02C6F4C8-8057-440B-A4CD-EEC0869BAC66}.Release|Any CPU.ActiveCfg = Release|Any CPU
		{02C6F4C8-8057-440B-A4CD-EEC0869BAC66}.Release|Any CPU.Build.0 = Release|Any CPU
		{F9E25095-1FDE-4DA4-BB1D-D46EA5BAEDDB}.Debug|Any CPU.ActiveCfg = Debug|Any CPU
		{F9E25095-1FDE-4DA4-BB1D-D46EA5BAEDDB}.Debug|Any CPU.Build.0 = Debug|Any CPU
		{F9E25095-1FDE-4DA4-BB1D-D46EA5BAEDDB}.Release|Any CPU.ActiveCfg = Release|Any CPU
		{F9E25095-1FDE-4DA4-BB1D-D46EA5BAEDDB}.Release|Any CPU.Build.0 = Release|Any CPU
		{30A60695-82D5-42D7-8BBC-C8EE90DF379D}.Debug|Any CPU.ActiveCfg = Debug|Any CPU
		{30A60695-82D5-42D7-8BBC-C8EE90DF379D}.Debug|Any CPU.Build.0 = Debug|Any CPU
		{30A60695-82D5-42D7-8BBC-C8EE90DF379D}.Release|Any CPU.ActiveCfg = Release|Any CPU
		{30A60695-82D5-42D7-8BBC-C8EE90DF379D}.Release|Any CPU.Build.0 = Release|Any CPU
		{F441A966-EFD9-468D-91B0-B86B5C3F27D3}.Debug|Any CPU.ActiveCfg = Debug|Any CPU
		{F441A966-EFD9-468D-91B0-B86B5C3F27D3}.Debug|Any CPU.Build.0 = Debug|Any CPU
		{F441A966-EFD9-468D-91B0-B86B5C3F27D3}.Release|Any CPU.ActiveCfg = Release|Any CPU
		{F441A966-EFD9-468D-91B0-B86B5C3F27D3}.Release|Any CPU.Build.0 = Release|Any CPU
		{16A466C2-FD34-4171-87AA-B0BBACFBEF5F}.Debug|Any CPU.ActiveCfg = Debug|Any CPU
		{16A466C2-FD34-4171-87AA-B0BBACFBEF5F}.Debug|Any CPU.Build.0 = Debug|Any CPU
		{16A466C2-FD34-4171-87AA-B0BBACFBEF5F}.Release|Any CPU.ActiveCfg = Release|Any CPU
		{16A466C2-FD34-4171-87AA-B0BBACFBEF5F}.Release|Any CPU.Build.0 = Release|Any CPU
		{A964A270-D433-4C7D-B94A-BB49E7B71EDC}.Debug|Any CPU.ActiveCfg = Debug|Any CPU
		{A964A270-D433-4C7D-B94A-BB49E7B71EDC}.Debug|Any CPU.Build.0 = Debug|Any CPU
		{A964A270-D433-4C7D-B94A-BB49E7B71EDC}.Release|Any CPU.ActiveCfg = Release|Any CPU
		{A964A270-D433-4C7D-B94A-BB49E7B71EDC}.Release|Any CPU.Build.0 = Release|Any CPU
		{62206049-E9BE-4BC7-8650-CC6DA858863E}.Debug|Any CPU.ActiveCfg = Debug|Any CPU
		{62206049-E9BE-4BC7-8650-CC6DA858863E}.Debug|Any CPU.Build.0 = Debug|Any CPU
		{62206049-E9BE-4BC7-8650-CC6DA858863E}.Release|Any CPU.ActiveCfg = Release|Any CPU
		{62206049-E9BE-4BC7-8650-CC6DA858863E}.Release|Any CPU.Build.0 = Release|Any CPU
		{9D03FCEC-9248-44F5-81CB-85BBAEFAC83F}.Debug|Any CPU.ActiveCfg = Debug|Any CPU
		{9D03FCEC-9248-44F5-81CB-85BBAEFAC83F}.Debug|Any CPU.Build.0 = Debug|Any CPU
		{9D03FCEC-9248-44F5-81CB-85BBAEFAC83F}.Release|Any CPU.ActiveCfg = Release|Any CPU
		{9D03FCEC-9248-44F5-81CB-85BBAEFAC83F}.Release|Any CPU.Build.0 = Release|Any CPU
		{4C5B99B4-2C95-472D-A777-1D0D3412BD55}.Debug|Any CPU.ActiveCfg = Debug|Any CPU
		{4C5B99B4-2C95-472D-A777-1D0D3412BD55}.Debug|Any CPU.Build.0 = Debug|Any CPU
		{4C5B99B4-2C95-472D-A777-1D0D3412BD55}.Release|Any CPU.ActiveCfg = Release|Any CPU
		{4C5B99B4-2C95-472D-A777-1D0D3412BD55}.Release|Any CPU.Build.0 = Release|Any CPU
		{F6D6DA42-99AF-4900-A1BA-7507C88B8D5E}.Debug|Any CPU.ActiveCfg = Debug|Any CPU
		{F6D6DA42-99AF-4900-A1BA-7507C88B8D5E}.Debug|Any CPU.Build.0 = Debug|Any CPU
		{F6D6DA42-99AF-4900-A1BA-7507C88B8D5E}.Release|Any CPU.ActiveCfg = Release|Any CPU
		{F6D6DA42-99AF-4900-A1BA-7507C88B8D5E}.Release|Any CPU.Build.0 = Release|Any CPU
		{6E6831E5-678B-420F-8D48-B7307D4A1900}.Debug|Any CPU.ActiveCfg = Debug|Any CPU
		{6E6831E5-678B-420F-8D48-B7307D4A1900}.Debug|Any CPU.Build.0 = Debug|Any CPU
		{6E6831E5-678B-420F-8D48-B7307D4A1900}.Release|Any CPU.ActiveCfg = Release|Any CPU
		{6E6831E5-678B-420F-8D48-B7307D4A1900}.Release|Any CPU.Build.0 = Release|Any CPU
		{EB09ECFE-23CE-43CC-85EE-39947A1D1BA1}.Debug|Any CPU.ActiveCfg = Debug|Any CPU
		{EB09ECFE-23CE-43CC-85EE-39947A1D1BA1}.Debug|Any CPU.Build.0 = Debug|Any CPU
		{EB09ECFE-23CE-43CC-85EE-39947A1D1BA1}.Release|Any CPU.ActiveCfg = Release|Any CPU
		{EB09ECFE-23CE-43CC-85EE-39947A1D1BA1}.Release|Any CPU.Build.0 = Release|Any CPU
		{29B46095-296C-4E90-8A68-51E4531ADD03}.Debug|Any CPU.ActiveCfg = Debug|Any CPU
		{29B46095-296C-4E90-8A68-51E4531ADD03}.Debug|Any CPU.Build.0 = Debug|Any CPU
		{29B46095-296C-4E90-8A68-51E4531ADD03}.Release|Any CPU.ActiveCfg = Release|Any CPU
		{29B46095-296C-4E90-8A68-51E4531ADD03}.Release|Any CPU.Build.0 = Release|Any CPU
	EndGlobalSection
	GlobalSection(SolutionProperties) = preSolution
		HideSolutionNode = FALSE
	EndGlobalSection
	GlobalSection(ExtensibilityGlobals) = postSolution
		SolutionGuid = {10AFD27C-228D-44B4-B071-71B814C75E27}
	EndGlobalSection
EndGlobal
