
Microsoft Visual Studio Solution File, Format Version 12.00
# Visual Studio Version 17
VisualStudioVersion = 17.5.33516.290
MinimumVisualStudioVersion = 10.0.40219.1
Project("{FAE04EC0-301F-11D3-BF4B-00C04F79EFBC}") = "03.Basketball", "03.Basketball\03.Basketball.csproj", "{0BF4ACDE-0CAC-4865-BEB0-D03C08BDB338}"
EndProject
Global
	GlobalSection(SolutionConfigurationPlatforms) = preSolution
		Debug|Any CPU = Debug|Any CPU
		Release|Any CPU = Release|Any CPU
	EndGlobalSection
	GlobalSection(ProjectConfigurationPlatforms) = postSolution
		{0BF4ACDE-0CAC-4865-BEB0-D03C08BDB338}.Debug|Any CPU.ActiveCfg = Debug|Any CPU
		{0BF4ACDE-0CAC-4865-BEB0-D03C08BDB338}.Debug|Any CPU.Build.0 = Debug|Any CPU
		{0BF4ACDE-0CAC-4865-BEB0-D03C08BDB338}.Release|Any CPU.ActiveCfg = Release|Any CPU
		{0BF4ACDE-0CAC-4865-BEB0-D03C08BDB338}.Release|Any CPU.Build.0 = Release|Any CPU
	EndGlobalSection
	GlobalSection(SolutionProperties) = preSolution
		HideSolutionNode = FALSE
	EndGlobalSection
	GlobalSection(ExtensibilityGlobals) = postSolution
		SolutionGuid = {4EE1715A-5839-4E3F-BA8C-927B81F07D11}
	EndGlobalSection
EndGlobal
