
Microsoft Visual Studio Solution File, Format Version 12.00
# Visual Studio Version 17
VisualStudioVersion = 17.7.34024.191
MinimumVisualStudioVersion = 10.0.40219.1
Project("{9A19103F-16F7-4668-BE54-9A1E7A4F7556}") = "UniversityCompetition", "UniversityCompetition.csproj", "{BA6D2F1C-1FE6-41C8-A221-0B78B737EDFC}"
EndProject
Global
	GlobalSection(SolutionConfigurationPlatforms) = preSolution
		Debug|Any CPU = Debug|Any CPU
		Release|Any CPU = Release|Any CPU
	EndGlobalSection
	GlobalSection(ProjectConfigurationPlatforms) = postSolution
		{BA6D2F1C-1FE6-41C8-A221-0B78B737EDFC}.Debug|Any CPU.ActiveCfg = Debug|Any CPU
		{BA6D2F1C-1FE6-41C8-A221-0B78B737EDFC}.Debug|Any CPU.Build.0 = Debug|Any CPU
		{BA6D2F1C-1FE6-41C8-A221-0B78B737EDFC}.Release|Any CPU.ActiveCfg = Release|Any CPU
		{BA6D2F1C-1FE6-41C8-A221-0B78B737EDFC}.Release|Any CPU.Build.0 = Release|Any CPU
	EndGlobalSection
	GlobalSection(SolutionProperties) = preSolution
		HideSolutionNode = FALSE
	EndGlobalSection
	GlobalSection(ExtensibilityGlobals) = postSolution
		SolutionGuid = {B486B283-C6F6-46A3-A14E-13DA7D76F3A9}
	EndGlobalSection
EndGlobal
