
Microsoft Visual Studio Solution File, Format Version 12.00
# Visual Studio Version 17
VisualStudioVersion = 17.7.34024.191
MinimumVisualStudioVersion = 10.0.40219.1
Project("{9A19103F-16F7-4668-BE54-9A1E7A4F7556}") = "01. Stealer", "01. Stealer\01. Stealer.csproj", "{B2242B1C-5C37-40A6-A3D9-87E8A6199245}"
EndProject
Project("{9A19103F-16F7-4668-BE54-9A1E7A4F7556}") = "02.HighQualityMistakes", "02.HighQualityMistakes\02.HighQualityMistakes.csproj", "{8930E64D-9AA7-446C-83ED-700C1DE65925}"
EndProject
Project("{FAE04EC0-301F-11D3-BF4B-00C04F79EFBC}") = "03.MissionPrivateImpossible", "03.MissionPrivateImpossible\03.MissionPrivateImpossible.csproj", "{8742DB4D-2AF0-43EC-B902-BF70FAFB5691}"
EndProject
Project("{FAE04EC0-301F-11D3-BF4B-00C04F79EFBC}") = "04.Collector", "04.Collector\04.Collector.csproj", "{AF9831F5-C100-41E5-8215-888FEFEE9959}"
EndProject
Global
	GlobalSection(SolutionConfigurationPlatforms) = preSolution
		Debug|Any CPU = Debug|Any CPU
		Release|Any CPU = Release|Any CPU
	EndGlobalSection
	GlobalSection(ProjectConfigurationPlatforms) = postSolution
		{B2242B1C-5C37-40A6-A3D9-87E8A6199245}.Debug|Any CPU.ActiveCfg = Debug|Any CPU
		{B2242B1C-5C37-40A6-A3D9-87E8A6199245}.Debug|Any CPU.Build.0 = Debug|Any CPU
		{B2242B1C-5C37-40A6-A3D9-87E8A6199245}.Release|Any CPU.ActiveCfg = Release|Any CPU
		{B2242B1C-5C37-40A6-A3D9-87E8A6199245}.Release|Any CPU.Build.0 = Release|Any CPU
		{8930E64D-9AA7-446C-83ED-700C1DE65925}.Debug|Any CPU.ActiveCfg = Debug|Any CPU
		{8930E64D-9AA7-446C-83ED-700C1DE65925}.Debug|Any CPU.Build.0 = Debug|Any CPU
		{8930E64D-9AA7-446C-83ED-700C1DE65925}.Release|Any CPU.ActiveCfg = Release|Any CPU
		{8930E64D-9AA7-446C-83ED-700C1DE65925}.Release|Any CPU.Build.0 = Release|Any CPU
		{8742DB4D-2AF0-43EC-B902-BF70FAFB5691}.Debug|Any CPU.ActiveCfg = Debug|Any CPU
		{8742DB4D-2AF0-43EC-B902-BF70FAFB5691}.Debug|Any CPU.Build.0 = Debug|Any CPU
		{8742DB4D-2AF0-43EC-B902-BF70FAFB5691}.Release|Any CPU.ActiveCfg = Release|Any CPU
		{8742DB4D-2AF0-43EC-B902-BF70FAFB5691}.Release|Any CPU.Build.0 = Release|Any CPU
		{AF9831F5-C100-41E5-8215-888FEFEE9959}.Debug|Any CPU.ActiveCfg = Debug|Any CPU
		{AF9831F5-C100-41E5-8215-888FEFEE9959}.Debug|Any CPU.Build.0 = Debug|Any CPU
		{AF9831F5-C100-41E5-8215-888FEFEE9959}.Release|Any CPU.ActiveCfg = Release|Any CPU
		{AF9831F5-C100-41E5-8215-888FEFEE9959}.Release|Any CPU.Build.0 = Release|Any CPU
	EndGlobalSection
	GlobalSection(SolutionProperties) = preSolution
		HideSolutionNode = FALSE
	EndGlobalSection
	GlobalSection(ExtensibilityGlobals) = postSolution
		SolutionGuid = {3C05C27E-4BA6-4215-BAE2-4AD127BD903E}
	EndGlobalSection
EndGlobal
